{
    "version": 3,
    "terraform_version": "0.10.3",
    "serial": 9,
    "lineage": "672e5963-1834-43a4-b499-23dd56b1298b",
    "modules": [
        {
            "path": [
                "root"
            ],
            "outputs": {
                "consul_server_sg_id": {
                    "sensitive": false,
                    "type": "string",
                    "value": "sg-77096705"
                },
                "environment": {
                    "sensitive": false,
                    "type": "string",
                    "value": "consul-server-ports-aws-simple"
                }
            },
            "resources": {
                "aws_vpc.main": {
                    "type": "aws_vpc",
                    "depends_on": [],
                    "primary": {
                        "id": "vpc-24bb645c",
                        "attributes": {
                            "assign_generated_ipv6_cidr_block": "false",
                            "cidr_block": "10.139.0.0/16",
                            "default_network_acl_id": "acl-cf3969b7",
                            "default_route_table_id": "rtb-409ef13a",
                            "default_security_group_id": "sg-8e315ffc",
                            "dhcp_options_id": "dopt-018a6667",
                            "enable_classiclink": "false",
                            "enable_classiclink_dns_support": "false",
                            "enable_dns_hostnames": "true",
                            "enable_dns_support": "true",
                            "id": "vpc-24bb645c",
                            "instance_tenancy": "default",
                            "main_route_table_id": "rtb-409ef13a",
                            "tags.%": "1",
                            "tags.Name": "consul-server-ports-aws-simple"
                        },
                        "meta": {
                            "schema_version": "1"
                        },
                        "tainted": false
                    },
                    "deposed": [],
                    "provider": ""
                }
            },
            "depends_on": []
        },
        {
            "path": [
                "root",
                "consul_server_ports_aws"
            ],
            "outputs": {
                "consul_server_sg_id": {
                    "sensitive": false,
                    "type": "string",
                    "value": "sg-77096705"
                }
            },
            "resources": {
                "aws_security_group_rule.serf_wan_tcp": {
                    "type": "aws_security_group_rule",
                    "depends_on": [
                        "module.consul_client_ports_aws"
                    ],
                    "primary": {
                        "id": "sgrule-877180419",
                        "attributes": {
                            "cidr_blocks.#": "1",
                            "cidr_blocks.0": "10.139.0.0/16",
                            "from_port": "8302",
                            "id": "sgrule-877180419",
                            "protocol": "tcp",
                            "security_group_id": "sg-77096705",
                            "self": "false",
                            "to_port": "8302",
                            "type": "ingress"
                        },
                        "meta": {
                            "schema_version": "2"
                        },
                        "tainted": false
                    },
                    "deposed": [],
                    "provider": ""
                },
                "aws_security_group_rule.serf_wan_udp": {
                    "type": "aws_security_group_rule",
                    "depends_on": [
                        "module.consul_client_ports_aws"
                    ],
                    "primary": {
                        "id": "sgrule-486927420",
                        "attributes": {
                            "cidr_blocks.#": "1",
                            "cidr_blocks.0": "10.139.0.0/16",
                            "from_port": "8302",
                            "id": "sgrule-486927420",
                            "protocol": "udp",
                            "security_group_id": "sg-77096705",
                            "self": "false",
                            "to_port": "8302",
                            "type": "ingress"
                        },
                        "meta": {
                            "schema_version": "2"
                        },
                        "tainted": false
                    },
                    "deposed": [],
                    "provider": ""
                },
                "aws_security_group_rule.server_rpc_tcp": {
                    "type": "aws_security_group_rule",
                    "depends_on": [
                        "module.consul_client_ports_aws"
                    ],
                    "primary": {
                        "id": "sgrule-1522953695",
                        "attributes": {
                            "cidr_blocks.#": "1",
                            "cidr_blocks.0": "10.139.0.0/16",
                            "from_port": "8300",
                            "id": "sgrule-1522953695",
                            "protocol": "tcp",
                            "security_group_id": "sg-77096705",
                            "self": "false",
                            "to_port": "8300",
                            "type": "ingress"
                        },
                        "meta": {
                            "schema_version": "2"
                        },
                        "tainted": false
                    },
                    "deposed": [],
                    "provider": ""
                }
            },
            "depends_on": []
        },
        {
            "path": [
                "root",
                "consul_server_ports_aws",
                "consul_client_ports_aws"
            ],
            "outputs": {
                "consul_client_sg_id": {
                    "sensitive": false,
                    "type": "string",
                    "value": "sg-77096705"
                }
            },
            "resources": {
                "aws_security_group.consul_client": {
                    "type": "aws_security_group",
                    "depends_on": [],
                    "primary": {
                        "id": "sg-77096705",
                        "attributes": {
                            "description": "Security Group for Consul instances",
                            "egress.#": "0",
                            "id": "sg-77096705",
                            "ingress.#": "0",
                            "name": "consul-server-ports-aws-simple",
                            "owner_id": "362381645759",
                            "tags.%": "1",
                            "tags.Name": "consul-server-ports-aws-simple",
                            "vpc_id": "vpc-24bb645c"
                        },
                        "meta": {},
                        "tainted": false
                    },
                    "deposed": [],
                    "provider": ""
                },
                "aws_security_group_rule.cli_rpc_tcp": {
                    "type": "aws_security_group_rule",
                    "depends_on": [
                        "aws_security_group.consul_client"
                    ],
                    "primary": {
                        "id": "sgrule-3970804060",
                        "attributes": {
                            "cidr_blocks.#": "1",
                            "cidr_blocks.0": "10.139.0.0/16",
                            "from_port": "8400",
                            "id": "sgrule-3970804060",
                            "protocol": "tcp",
                            "security_group_id": "sg-77096705",
                            "self": "false",
                            "to_port": "8400",
                            "type": "ingress"
                        },
                        "meta": {
                            "schema_version": "2"
                        },
                        "tainted": false
                    },
                    "deposed": [],
                    "provider": ""
                },
                "aws_security_group_rule.dns_interface_tcp": {
                    "type": "aws_security_group_rule",
                    "depends_on": [
                        "aws_security_group.consul_client"
                    ],
                    "primary": {
                        "id": "sgrule-3491841693",
                        "attributes": {
                            "cidr_blocks.#": "1",
                            "cidr_blocks.0": "10.139.0.0/16",
                            "from_port": "8600",
                            "id": "sgrule-3491841693",
                            "protocol": "tcp",
                            "security_group_id": "sg-77096705",
                            "self": "false",
                            "to_port": "8600",
                            "type": "ingress"
                        },
                        "meta": {
                            "schema_version": "2"
                        },
                        "tainted": false
                    },
                    "deposed": [],
                    "provider": ""
                },
                "aws_security_group_rule.dns_interface_udp": {
                    "type": "aws_security_group_rule",
                    "depends_on": [
                        "aws_security_group.consul_client"
                    ],
                    "primary": {
                        "id": "sgrule-4184612002",
                        "attributes": {
                            "cidr_blocks.#": "1",
                            "cidr_blocks.0": "10.139.0.0/16",
                            "from_port": "8600",
                            "id": "sgrule-4184612002",
                            "protocol": "udp",
                            "security_group_id": "sg-77096705",
                            "self": "false",
                            "to_port": "8600",
                            "type": "ingress"
                        },
                        "meta": {
                            "schema_version": "2"
                        },
                        "tainted": false
                    },
                    "deposed": [],
                    "provider": ""
                },
                "aws_security_group_rule.http_api_tcp": {
                    "type": "aws_security_group_rule",
                    "depends_on": [
                        "aws_security_group.consul_client"
                    ],
                    "primary": {
                        "id": "sgrule-525557148",
                        "attributes": {
                            "cidr_blocks.#": "1",
                            "cidr_blocks.0": "10.139.0.0/16",
                            "from_port": "8500",
                            "id": "sgrule-525557148",
                            "protocol": "tcp",
                            "security_group_id": "sg-77096705",
                            "self": "false",
                            "to_port": "8500",
                            "type": "ingress"
                        },
                        "meta": {
                            "schema_version": "2"
                        },
                        "tainted": false
                    },
                    "deposed": [],
                    "provider": ""
                },
                "aws_security_group_rule.outbound_tcp": {
                    "type": "aws_security_group_rule",
                    "depends_on": [
                        "aws_security_group.consul_client"
                    ],
                    "primary": {
                        "id": "sgrule-107007909",
                        "attributes": {
                            "cidr_blocks.#": "1",
                            "cidr_blocks.0": "0.0.0.0/0",
                            "from_port": "0",
                            "id": "sgrule-107007909",
                            "protocol": "tcp",
                            "security_group_id": "sg-77096705",
                            "self": "false",
                            "to_port": "65535",
                            "type": "egress"
                        },
                        "meta": {
                            "schema_version": "2"
                        },
                        "tainted": false
                    },
                    "deposed": [],
                    "provider": ""
                },
                "aws_security_group_rule.outbound_udp": {
                    "type": "aws_security_group_rule",
                    "depends_on": [
                        "aws_security_group.consul_client"
                    ],
                    "primary": {
                        "id": "sgrule-2029972136",
                        "attributes": {
                            "cidr_blocks.#": "1",
                            "cidr_blocks.0": "0.0.0.0/0",
                            "from_port": "0",
                            "id": "sgrule-2029972136",
                            "protocol": "udp",
                            "security_group_id": "sg-77096705",
                            "self": "false",
                            "to_port": "65535",
                            "type": "egress"
                        },
                        "meta": {
                            "schema_version": "2"
                        },
                        "tainted": false
                    },
                    "deposed": [],
                    "provider": ""
                },
                "aws_security_group_rule.serf_lan_tcp": {
                    "type": "aws_security_group_rule",
                    "depends_on": [
                        "aws_security_group.consul_client"
                    ],
                    "primary": {
                        "id": "sgrule-1837170737",
                        "attributes": {
                            "cidr_blocks.#": "1",
                            "cidr_blocks.0": "10.139.0.0/16",
                            "from_port": "8301",
                            "id": "sgrule-1837170737",
                            "protocol": "tcp",
                            "security_group_id": "sg-77096705",
                            "self": "false",
                            "to_port": "8301",
                            "type": "ingress"
                        },
                        "meta": {
                            "schema_version": "2"
                        },
                        "tainted": false
                    },
                    "deposed": [],
                    "provider": ""
                },
                "aws_security_group_rule.serf_lan_udp": {
                    "type": "aws_security_group_rule",
                    "depends_on": [
                        "aws_security_group.consul_client"
                    ],
                    "primary": {
                        "id": "sgrule-1154243086",
                        "attributes": {
                            "cidr_blocks.#": "1",
                            "cidr_blocks.0": "10.139.0.0/16",
                            "from_port": "8301",
                            "id": "sgrule-1154243086",
                            "protocol": "udp",
                            "security_group_id": "sg-77096705",
                            "self": "false",
                            "to_port": "8301",
                            "type": "ingress"
                        },
                        "meta": {
                            "schema_version": "2"
                        },
                        "tainted": false
                    },
                    "deposed": [],
                    "provider": ""
                }
            },
            "depends_on": []
        }
    ]
}
