{
    "version": 3,
    "terraform_version": "0.10.3",
    "serial": 4,
    "lineage": "75c2e0aa-ba6b-4cb6-909e-f86149239095",
    "modules": [
        {
            "path": [
                "root"
            ],
            "outputs": {
                "consul_server_sg_id": {
                    "sensitive": false,
                    "type": "string",
                    "value": "sg-190f616b"
                },
                "environment": {
                    "sensitive": false,
                    "type": "string",
                    "value": "consul-server-ports-aws-advanced"
                }
            },
            "resources": {
                "aws_vpc.main": {
                    "type": "aws_vpc",
                    "depends_on": [],
                    "primary": {
                        "id": "vpc-5cbf6024",
                        "attributes": {
                            "assign_generated_ipv6_cidr_block": "false",
                            "cidr_block": "172.19.0.0/16",
                            "default_network_acl_id": "acl-2a0f5f52",
                            "default_route_table_id": "rtb-179bf46d",
                            "default_security_group_id": "sg-ea355b98",
                            "dhcp_options_id": "dopt-018a6667",
                            "enable_classiclink": "false",
                            "enable_classiclink_dns_support": "false",
                            "enable_dns_hostnames": "true",
                            "enable_dns_support": "true",
                            "id": "vpc-5cbf6024",
                            "instance_tenancy": "default",
                            "main_route_table_id": "rtb-179bf46d",
                            "tags.%": "1",
                            "tags.Name": "consul-server-ports-aws-advanced"
                        },
                        "meta": {
                            "schema_version": "1"
                        },
                        "tainted": false
                    },
                    "deposed": [],
                    "provider": ""
                }
            },
            "depends_on": []
        },
        {
            "path": [
                "root",
                "consul_server_ports_aws"
            ],
            "outputs": {
                "consul_server_sg_id": {
                    "sensitive": false,
                    "type": "string",
                    "value": "sg-190f616b"
                }
            },
            "resources": {
                "aws_security_group_rule.serf_wan_tcp": {
                    "type": "aws_security_group_rule",
                    "depends_on": [
                        "module.consul_client_ports_aws"
                    ],
                    "primary": {
                        "id": "sgrule-3884516970",
                        "attributes": {
                            "cidr_blocks.#": "3",
                            "cidr_blocks.0": "172.19.0.0/20",
                            "cidr_blocks.1": "172.19.16.0/20",
                            "cidr_blocks.2": "172.19.32.0/20",
                            "from_port": "8302",
                            "id": "sgrule-3884516970",
                            "protocol": "tcp",
                            "security_group_id": "sg-190f616b",
                            "self": "false",
                            "to_port": "8302",
                            "type": "ingress"
                        },
                        "meta": {
                            "schema_version": "2"
                        },
                        "tainted": false
                    },
                    "deposed": [],
                    "provider": ""
                },
                "aws_security_group_rule.serf_wan_udp": {
                    "type": "aws_security_group_rule",
                    "depends_on": [
                        "module.consul_client_ports_aws"
                    ],
                    "primary": {
                        "id": "sgrule-336989389",
                        "attributes": {
                            "cidr_blocks.#": "3",
                            "cidr_blocks.0": "172.19.0.0/20",
                            "cidr_blocks.1": "172.19.16.0/20",
                            "cidr_blocks.2": "172.19.32.0/20",
                            "from_port": "8302",
                            "id": "sgrule-336989389",
                            "protocol": "udp",
                            "security_group_id": "sg-190f616b",
                            "self": "false",
                            "to_port": "8302",
                            "type": "ingress"
                        },
                        "meta": {
                            "schema_version": "2"
                        },
                        "tainted": false
                    },
                    "deposed": [],
                    "provider": ""
                },
                "aws_security_group_rule.server_rpc_tcp": {
                    "type": "aws_security_group_rule",
                    "depends_on": [
                        "module.consul_client_ports_aws"
                    ],
                    "primary": {
                        "id": "sgrule-3546402036",
                        "attributes": {
                            "cidr_blocks.#": "3",
                            "cidr_blocks.0": "172.19.0.0/20",
                            "cidr_blocks.1": "172.19.16.0/20",
                            "cidr_blocks.2": "172.19.32.0/20",
                            "from_port": "8300",
                            "id": "sgrule-3546402036",
                            "protocol": "tcp",
                            "security_group_id": "sg-190f616b",
                            "self": "false",
                            "to_port": "8300",
                            "type": "ingress"
                        },
                        "meta": {
                            "schema_version": "2"
                        },
                        "tainted": false
                    },
                    "deposed": [],
                    "provider": ""
                }
            },
            "depends_on": []
        },
        {
            "path": [
                "root",
                "consul_server_ports_aws",
                "consul_client_ports_aws"
            ],
            "outputs": {
                "consul_client_sg_id": {
                    "sensitive": false,
                    "type": "string",
                    "value": "sg-190f616b"
                }
            },
            "resources": {
                "aws_security_group.consul_client": {
                    "type": "aws_security_group",
                    "depends_on": [],
                    "primary": {
                        "id": "sg-190f616b",
                        "attributes": {
                            "description": "Security Group for Consul instances",
                            "egress.#": "0",
                            "id": "sg-190f616b",
                            "ingress.#": "0",
                            "name": "consul-server-ports-aws-advanced",
                            "owner_id": "362381645759",
                            "tags.%": "1",
                            "tags.Name": "consul-server-ports-aws-advanced",
                            "vpc_id": "vpc-5cbf6024"
                        },
                        "meta": {},
                        "tainted": false
                    },
                    "deposed": [],
                    "provider": ""
                },
                "aws_security_group_rule.cli_rpc_tcp": {
                    "type": "aws_security_group_rule",
                    "depends_on": [
                        "aws_security_group.consul_client"
                    ],
                    "primary": {
                        "id": "sgrule-4273856426",
                        "attributes": {
                            "cidr_blocks.#": "3",
                            "cidr_blocks.0": "172.19.0.0/20",
                            "cidr_blocks.1": "172.19.16.0/20",
                            "cidr_blocks.2": "172.19.32.0/20",
                            "from_port": "8400",
                            "id": "sgrule-4273856426",
                            "protocol": "tcp",
                            "security_group_id": "sg-190f616b",
                            "self": "false",
                            "to_port": "8400",
                            "type": "ingress"
                        },
                        "meta": {
                            "schema_version": "2"
                        },
                        "tainted": false
                    },
                    "deposed": [],
                    "provider": ""
                },
                "aws_security_group_rule.dns_interface_tcp": {
                    "type": "aws_security_group_rule",
                    "depends_on": [
                        "aws_security_group.consul_client"
                    ],
                    "primary": {
                        "id": "sgrule-1791911800",
                        "attributes": {
                            "cidr_blocks.#": "3",
                            "cidr_blocks.0": "172.19.0.0/20",
                            "cidr_blocks.1": "172.19.16.0/20",
                            "cidr_blocks.2": "172.19.32.0/20",
                            "from_port": "8600",
                            "id": "sgrule-1791911800",
                            "protocol": "tcp",
                            "security_group_id": "sg-190f616b",
                            "self": "false",
                            "to_port": "8600",
                            "type": "ingress"
                        },
                        "meta": {
                            "schema_version": "2"
                        },
                        "tainted": false
                    },
                    "deposed": [],
                    "provider": ""
                },
                "aws_security_group_rule.dns_interface_udp": {
                    "type": "aws_security_group_rule",
                    "depends_on": [
                        "aws_security_group.consul_client"
                    ],
                    "primary": {
                        "id": "sgrule-2572250591",
                        "attributes": {
                            "cidr_blocks.#": "3",
                            "cidr_blocks.0": "172.19.0.0/20",
                            "cidr_blocks.1": "172.19.16.0/20",
                            "cidr_blocks.2": "172.19.32.0/20",
                            "from_port": "8600",
                            "id": "sgrule-2572250591",
                            "protocol": "udp",
                            "security_group_id": "sg-190f616b",
                            "self": "false",
                            "to_port": "8600",
                            "type": "ingress"
                        },
                        "meta": {
                            "schema_version": "2"
                        },
                        "tainted": false
                    },
                    "deposed": [],
                    "provider": ""
                },
                "aws_security_group_rule.http_api_tcp": {
                    "type": "aws_security_group_rule",
                    "depends_on": [
                        "aws_security_group.consul_client"
                    ],
                    "primary": {
                        "id": "sgrule-3028550595",
                        "attributes": {
                            "cidr_blocks.#": "3",
                            "cidr_blocks.0": "172.19.0.0/20",
                            "cidr_blocks.1": "172.19.16.0/20",
                            "cidr_blocks.2": "172.19.32.0/20",
                            "from_port": "8500",
                            "id": "sgrule-3028550595",
                            "protocol": "tcp",
                            "security_group_id": "sg-190f616b",
                            "self": "false",
                            "to_port": "8500",
                            "type": "ingress"
                        },
                        "meta": {
                            "schema_version": "2"
                        },
                        "tainted": false
                    },
                    "deposed": [],
                    "provider": ""
                },
                "aws_security_group_rule.outbound_tcp": {
                    "type": "aws_security_group_rule",
                    "depends_on": [
                        "aws_security_group.consul_client"
                    ],
                    "primary": {
                        "id": "sgrule-2147619694",
                        "attributes": {
                            "cidr_blocks.#": "1",
                            "cidr_blocks.0": "0.0.0.0/0",
                            "from_port": "0",
                            "id": "sgrule-2147619694",
                            "protocol": "tcp",
                            "security_group_id": "sg-190f616b",
                            "self": "false",
                            "to_port": "65535",
                            "type": "egress"
                        },
                        "meta": {
                            "schema_version": "2"
                        },
                        "tainted": false
                    },
                    "deposed": [],
                    "provider": ""
                },
                "aws_security_group_rule.outbound_udp": {
                    "type": "aws_security_group_rule",
                    "depends_on": [
                        "aws_security_group.consul_client"
                    ],
                    "primary": {
                        "id": "sgrule-4271650403",
                        "attributes": {
                            "cidr_blocks.#": "1",
                            "cidr_blocks.0": "0.0.0.0/0",
                            "from_port": "0",
                            "id": "sgrule-4271650403",
                            "protocol": "udp",
                            "security_group_id": "sg-190f616b",
                            "self": "false",
                            "to_port": "65535",
                            "type": "egress"
                        },
                        "meta": {
                            "schema_version": "2"
                        },
                        "tainted": false
                    },
                    "deposed": [],
                    "provider": ""
                },
                "aws_security_group_rule.serf_lan_tcp": {
                    "type": "aws_security_group_rule",
                    "depends_on": [
                        "aws_security_group.consul_client"
                    ],
                    "primary": {
                        "id": "sgrule-3373640123",
                        "attributes": {
                            "cidr_blocks.#": "3",
                            "cidr_blocks.0": "172.19.0.0/20",
                            "cidr_blocks.1": "172.19.16.0/20",
                            "cidr_blocks.2": "172.19.32.0/20",
                            "from_port": "8301",
                            "id": "sgrule-3373640123",
                            "protocol": "tcp",
                            "security_group_id": "sg-190f616b",
                            "self": "false",
                            "to_port": "8301",
                            "type": "ingress"
                        },
                        "meta": {
                            "schema_version": "2"
                        },
                        "tainted": false
                    },
                    "deposed": [],
                    "provider": ""
                },
                "aws_security_group_rule.serf_lan_udp": {
                    "type": "aws_security_group_rule",
                    "depends_on": [
                        "aws_security_group.consul_client"
                    ],
                    "primary": {
                        "id": "sgrule-982164252",
                        "attributes": {
                            "cidr_blocks.#": "3",
                            "cidr_blocks.0": "172.19.0.0/20",
                            "cidr_blocks.1": "172.19.16.0/20",
                            "cidr_blocks.2": "172.19.32.0/20",
                            "from_port": "8301",
                            "id": "sgrule-982164252",
                            "protocol": "udp",
                            "security_group_id": "sg-190f616b",
                            "self": "false",
                            "to_port": "8301",
                            "type": "ingress"
                        },
                        "meta": {
                            "schema_version": "2"
                        },
                        "tainted": false
                    },
                    "deposed": [],
                    "provider": ""
                }
            },
            "depends_on": []
        }
    ]
}
